
Microsoft Visual Studio Solution File, Format Version 12.00
# Visual Studio Version 17
VisualStudioVersion = 17.2.32602.215
MinimumVisualStudioVersion = 10.0.40219.1
Project("{9A19103F-16F7-4668-BE54-9A1E7A4F7556}") = "MobileReview", "MobileReview\MobileReview.csproj", "{2FEEF233-8ABF-4494-A5EE-EE36C38A136A}"
EndProject
Project("{9A19103F-16F7-4668-BE54-9A1E7A4F7556}") = "MobileReview.Tests", "MobileReview.Tests\MobileReview.Tests.csproj", "{235B855A-2FAA-4E84-84FD-ED67E6426649}"
EndProject
Global
	GlobalSection(SolutionConfigurationPlatforms) = preSolution
		Debug|Any CPU = Debug|Any CPU
		Release|Any CPU = Release|Any CPU
	EndGlobalSection
	GlobalSection(ProjectConfigurationPlatforms) = postSolution
		{2FEEF233-8ABF-4494-A5EE-EE36C38A136A}.Debug|Any CPU.ActiveCfg = Debug|Any CPU
		{2FEEF233-8ABF-4494-A5EE-EE36C38A136A}.Debug|Any CPU.Build.0 = Debug|Any CPU
		{2FEEF233-8ABF-4494-A5EE-EE36C38A136A}.Release|Any CPU.ActiveCfg = Release|Any CPU
		{2FEEF233-8ABF-4494-A5EE-EE36C38A136A}.Release|Any CPU.Build.0 = Release|Any CPU
		{235B855A-2FAA-4E84-84FD-ED67E6426649}.Debug|Any CPU.ActiveCfg = Debug|Any CPU
		{235B855A-2FAA-4E84-84FD-ED67E6426649}.Debug|Any CPU.Build.0 = Debug|Any CPU
		{235B855A-2FAA-4E84-84FD-ED67E6426649}.Release|Any CPU.ActiveCfg = Release|Any CPU
		{235B855A-2FAA-4E84-84FD-ED67E6426649}.Release|Any CPU.Build.0 = Release|Any CPU
	EndGlobalSection
	GlobalSection(SolutionProperties) = preSolution
		HideSolutionNode = FALSE
	EndGlobalSection
	GlobalSection(ExtensibilityGlobals) = postSolution
		SolutionGuid = {76D791E3-D402-4A7A-8627-7C8FB062F4FE}
	EndGlobalSection
EndGlobal
